// !$*UTF8*$!
{
	archiveVersion = 1;
	classes = {
	};
	objectVersion = 55;
	objects = {

/* Begin PBXBuildFile section */
		FDD55D19286ED5AF00ECB1B5 /* AppDelegate.swift in Sources */ = {isa = PBXBuildFile; fileRef = FDD55D18286ED5AF00ECB1B5 /* AppDelegate.swift */; };
		FDD55D1B286ED5AF00ECB1B5 /* SceneDelegate.swift in Sources */ = {isa = PBXBuildFile; fileRef = FDD55D1A286ED5AF00ECB1B5 /* SceneDelegate.swift */; };
		FDD55D1D286ED5AF00ECB1B5 /* AdvViewController.swift in Sources */ = {isa = PBXBuildFile; fileRef = FDD55D1C286ED5AF00ECB1B5 /* AdvViewController.swift */; };
		FDD55D20286ED5AF00ECB1B5 /* Main.storyboard in Resources */ = {isa = PBXBuildFile; fileRef = FDD55D1E286ED5AF00ECB1B5 /* Main.storyboard */; };
		FDD55D22286ED5B100ECB1B5 /* Assets.xcassets in Resources */ = {isa = PBXBuildFile; fileRef = FDD55D21286ED5B100ECB1B5 /* Assets.xcassets */; };
		FDD55D25286ED5B100ECB1B5 /* LaunchScreen.storyboard in Resources */ = {isa = PBXBuildFile; fileRef = FDD55D23286ED5B100ECB1B5 /* LaunchScreen.storyboard */; };
		FDD55D3328722BCC00ECB1B5 /* UIView+Ex.swift in Sources */ = {isa = PBXBuildFile; fileRef = FDD55D3228722BCC00ECB1B5 /* UIView+Ex.swift */; };
		FDD55D352873071D00ECB1B5 /* Advertisement.swift in Sources */ = {isa = PBXBuildFile; fileRef = FDD55D342873071D00ECB1B5 /* Advertisement.swift */; };
		FDD55D3728743E8200ECB1B5 /* AppAlert.swift in Sources */ = {isa = PBXBuildFile; fileRef = FDD55D3628743E8200ECB1B5 /* AppAlert.swift */; };
		FDD55D39287589D300ECB1B5 /* Int+Ex.swift in Sources */ = {isa = PBXBuildFile; fileRef = FDD55D38287589D300ECB1B5 /* Int+Ex.swift */; };
/* End PBXBuildFile section */

/* Begin PBXFileReference section */
		FDD55D15286ED5AF00ECB1B5 /* Adv.app */ = {isa = PBXFileReference; explicitFileType = wrapper.application; includeInIndex = 0; path = Adv.app; sourceTree = BUILT_PRODUCTS_DIR; };
		FDD55D18286ED5AF00ECB1B5 /* AppDelegate.swift */ = {isa = PBXFileReference; lastKnownFileType = sourcecode.swift; path = AppDelegate.swift; sourceTree = "<group>"; };
		FDD55D1A286ED5AF00ECB1B5 /* SceneDelegate.swift */ = {isa = PBXFileReference; lastKnownFileType = sourcecode.swift; path = SceneDelegate.swift; sourceTree = "<group>"; };
		FDD55D1C286ED5AF00ECB1B5 /* AdvViewController.swift */ = {isa = PBXFileReference; lastKnownFileType = sourcecode.swift; path = AdvViewController.swift; sourceTree = "<group>"; };
		FDD55D1F286ED5AF00ECB1B5 /* Base */ = {isa = PBXFileReference; lastKnownFileType = file.storyboard; name = Base; path = Base.lproj/Main.storyboard; sourceTree = "<group>"; };
		FDD55D21286ED5B100ECB1B5 /* Assets.xcassets */ = {isa = PBXFileReference; lastKnownFileType = folder.assetcatalog; path = Assets.xcassets; sourceTree = "<group>"; };
		FDD55D24286ED5B100ECB1B5 /* Base */ = {isa = PBXFileReference; lastKnownFileType = file.storyboard; name = Base; path = Base.lproj/LaunchScreen.storyboard; sourceTree = "<group>"; };
		FDD55D26286ED5B100ECB1B5 /* Info.plist */ = {isa = PBXFileReference; lastKnownFileType = text.plist.xml; path = Info.plist; sourceTree = "<group>"; };
		FDD55D3228722BCC00ECB1B5 /* UIView+Ex.swift */ = {isa = PBXFileReference; lastKnownFileType = sourcecode.swift; path = "UIView+Ex.swift"; sourceTree = "<group>"; };
		FDD55D342873071D00ECB1B5 /* Advertisement.swift */ = {isa = PBXFileReference; lastKnownFileType = sourcecode.swift; path = Advertisement.swift; sourceTree = "<group>"; };
		FDD55D3628743E8200ECB1B5 /* AppAlert.swift */ = {isa = PBXFileReference; lastKnownFileType = sourcecode.swift; path = AppAlert.swift; sourceTree = "<group>"; };
		FDD55D38287589D300ECB1B5 /* Int+Ex.swift */ = {isa = PBXFileReference; lastKnownFileType = sourcecode.swift; path = "Int+Ex.swift"; sourceTree = "<group>"; };
/* End PBXFileReference section */

/* Begin PBXFrameworksBuildPhase section */
		FDD55D12286ED5AF00ECB1B5 /* Frameworks */ = {
			isa = PBXFrameworksBuildPhase;
			buildActionMask = 2147483647;
			files = (
			);
			runOnlyForDeploymentPostprocessing = 0;
		};
/* End PBXFrameworksBuildPhase section */

/* Begin PBXGroup section */
		FDD55D0C286ED5AF00ECB1B5 = {
			isa = PBXGroup;
			children = (
				FDD55D17286ED5AF00ECB1B5 /* Adv */,
				FDD55D16286ED5AF00ECB1B5 /* Products */,
			);
			sourceTree = "<group>";
		};
		FDD55D16286ED5AF00ECB1B5 /* Products */ = {
			isa = PBXGroup;
			children = (
				FDD55D15286ED5AF00ECB1B5 /* Adv.app */,
			);
			name = Products;
			sourceTree = "<group>";
		};
		FDD55D17286ED5AF00ECB1B5 /* Adv */ = {
			isa = PBXGroup;
			children = (
				FDD55D2F286ED8A300ECB1B5 /* Controllers */,
				FDD55D2E286ED89300ECB1B5 /* Models */,
				FDD55D2D286ED88500ECB1B5 /* Extensions */,
				FDD55D2C286ED87B00ECB1B5 /* Views */,
				FDD55D18286ED5AF00ECB1B5 /* AppDelegate.swift */,
				FDD55D1A286ED5AF00ECB1B5 /* SceneDelegate.swift */,
				FDD55D1E286ED5AF00ECB1B5 /* Main.storyboard */,
				FDD55D21286ED5B100ECB1B5 /* Assets.xcassets */,
				FDD55D23286ED5B100ECB1B5 /* LaunchScreen.storyboard */,
				FDD55D26286ED5B100ECB1B5 /* Info.plist */,
			);
			path = Adv;
			sourceTree = "<group>";
		};
		FDD55D2C286ED87B00ECB1B5 /* Views */ = {
			isa = PBXGroup;
			children = (
			);
			path = Views;
			sourceTree = "<group>";
		};
		FDD55D2D286ED88500ECB1B5 /* Extensions */ = {
			isa = PBXGroup;
			children = (
				FDD55D3228722BCC00ECB1B5 /* UIView+Ex.swift */,
				FDD55D38287589D300ECB1B5 /* Int+Ex.swift */,
			);
			path = Extensions;
			sourceTree = "<group>";
		};
		FDD55D2E286ED89300ECB1B5 /* Models */ = {
			isa = PBXGroup;
			children = (
				FDD55D342873071D00ECB1B5 /* Advertisement.swift */,
				FDD55D3628743E8200ECB1B5 /* AppAlert.swift */,
			);
			path = Models;
			sourceTree = "<group>";
		};
		FDD55D2F286ED8A300ECB1B5 /* Controllers */ = {
			isa = PBXGroup;
			children = (
				FDD55D1C286ED5AF00ECB1B5 /* AdvViewController.swift */,
			);
			path = Controllers;
			sourceTree = "<group>";
		};
/* End PBXGroup section */

/* Begin PBXNativeTarget section */
		FDD55D14286ED5AF00ECB1B5 /* Adv */ = {
			isa = PBXNativeTarget;
			buildConfigurationList = FDD55D29286ED5B100ECB1B5 /* Build configuration list for PBXNativeTarget "Adv" */;
			buildPhases = (
				FDD55D11286ED5AF00ECB1B5 /* Sources */,
				FDD55D12286ED5AF00ECB1B5 /* Frameworks */,
				FDD55D13286ED5AF00ECB1B5 /* Resources */,
			);
			buildRules = (
			);
			dependencies = (
			);
			name = Adv;
			productName = Adv;
			productReference = FDD55D15286ED5AF00ECB1B5 /* Adv.app */;
			productType = "com.apple.product-type.application";
		};
/* End PBXNativeTarget section */

/* Begin PBXProject section */
		FDD55D0D286ED5AF00ECB1B5 /* Project object */ = {
			isa = PBXProject;
			attributes = {
				BuildIndependentTargetsInParallel = 1;
				LastSwiftUpdateCheck = 1340;
				LastUpgradeCheck = 1340;
				TargetAttributes = {
					FDD55D14286ED5AF00ECB1B5 = {
						CreatedOnToolsVersion = 13.4.1;
					};
				};
			};
			buildConfigurationList = FDD55D10286ED5AF00ECB1B5 /* Build configuration list for PBXProject "Adv" */;
			compatibilityVersion = "Xcode 13.0";
			developmentRegion = en;
			hasScannedForEncodings = 0;
			knownRegions = (
				en,
				Base,
			);
			mainGroup = FDD55D0C286ED5AF00ECB1B5;
			productRefGroup = FDD55D16286ED5AF00ECB1B5 /* Products */;
			projectDirPath = "";
			projectRoot = "";
			targets = (
				FDD55D14286ED5AF00ECB1B5 /* Adv */,
			);
		};
/* End PBXProject section */

/* Begin PBXResourcesBuildPhase section */
		FDD55D13286ED5AF00ECB1B5 /* Resources */ = {
			isa = PBXResourcesBuildPhase;
			buildActionMask = 2147483647;
			files = (
				FDD55D25286ED5B100ECB1B5 /* LaunchScreen.storyboard in Resources */,
				FDD55D22286ED5B100ECB1B5 /* Assets.xcassets in Resources */,
				FDD55D20286ED5AF00ECB1B5 /* Main.storyboard in Resources */,
			);
			runOnlyForDeploymentPostprocessing = 0;
		};
/* End PBXResourcesBuildPhase section */

/* Begin PBXSourcesBuildPhase section */
		FDD55D11286ED5AF00ECB1B5 /* Sources */ = {
			isa = PBXSourcesBuildPhase;
			buildActionMask = 2147483647;
			files = (
				FDD55D1D286ED5AF00ECB1B5 /* AdvViewController.swift in Sources */,
				FDD55D19286ED5AF00ECB1B5 /* AppDelegate.swift in Sources */,
				FDD55D39287589D300ECB1B5 /* Int+Ex.swift in Sources */,
				FDD55D3728743E8200ECB1B5 /* AppAlert.swift in Sources */,
				FDD55D352873071D00ECB1B5 /* Advertisement.swift in Sources */,
				FDD55D1B286ED5AF00ECB1B5 /* SceneDelegate.swift in Sources */,
				FDD55D3328722BCC00ECB1B5 /* UIView+Ex.swift in Sources */,
			);
			runOnlyForDeploymentPostprocessing = 0;
		};
/* End PBXSourcesBuildPhase section */

/* Begin PBXVariantGroup section */
		FDD55D1E286ED5AF00ECB1B5 /* Main.storyboard */ = {
			isa = PBXVariantGroup;
			children = (
				FDD55D1F286ED5AF00ECB1B5 /* Base */,
			);
			name = Main.storyboard;
			sourceTree = "<group>";
		};
		FDD55D23286ED5B100ECB1B5 /* LaunchScreen.storyboard */ = {
			isa = PBXVariantGroup;
			children = (
				FDD55D24286ED5B100ECB1B5 /* Base */,
			);
			name = LaunchScreen.storyboard;
			sourceTree = "<group>";
		};
/* End PBXVariantGroup section */

/* Begin XCBuildConfiguration section */
		FDD55D27286ED5B100ECB1B5 /* Debug */ = {
			isa = XCBuildConfiguration;
			buildSettings = {
				ALWAYS_SEARCH_USER_PATHS = NO;
				CLANG_ANALYZER_NONNULL = YES;
				CLANG_ANALYZER_NUMBER_OBJECT_CONVERSION = YES_AGGRESSIVE;
				CLANG_CXX_LANGUAGE_STANDARD = "gnu++17";
				CLANG_ENABLE_MODULES = YES;
				CLANG_ENABLE_OBJC_ARC = YES;
				CLANG_ENABLE_OBJC_WEAK = YES;
				CLANG_WARN_BLOCK_CAPTURE_AUTORELEASING = YES;
				CLANG_WARN_BOOL_CONVERSION = YES;
				CLANG_WARN_COMMA = YES;
				CLANG_WARN_CONSTANT_CONVERSION = YES;
				CLANG_WARN_DEPRECATED_OBJC_IMPLEMENTATIONS = YES;
				CLANG_WARN_DIRECT_OBJC_ISA_USAGE = YES_ERROR;
				CLANG_WARN_DOCUMENTATION_COMMENTS = YES;
				CLANG_WARN_EMPTY_BODY = YES;
				CLANG_WARN_ENUM_CONVERSION = YES;
				CLANG_WARN_INFINITE_RECURSION = YES;
				CLANG_WARN_INT_CONVERSION = YES;
				CLANG_WARN_NON_LITERAL_NULL_CONVERSION = YES;
				CLANG_WARN_OBJC_IMPLICIT_RETAIN_SELF = YES;
				CLANG_WARN_OBJC_LITERAL_CONVERSION = YES;
				CLANG_WARN_OBJC_ROOT_CLASS = YES_ERROR;
				CLANG_WARN_QUOTED_INCLUDE_IN_FRAMEWORK_HEADER = YES;
				CLANG_WARN_RANGE_LOOP_ANALYSIS = YES;
				CLANG_WARN_STRICT_PROTOTYPES = YES;
				CLANG_WARN_SUSPICIOUS_MOVE = YES;
				CLANG_WARN_UNGUARDED_AVAILABILITY = YES_AGGRESSIVE;
				CLANG_WARN_UNREACHABLE_CODE = YES;
				CLANG_WARN__DUPLICATE_METHOD_MATCH = YES;
				COPY_PHASE_STRIP = NO;
				DEBUG_INFORMATION_FORMAT = dwarf;
				ENABLE_STRICT_OBJC_MSGSEND = YES;
				ENABLE_TESTABILITY = YES;
				GCC_C_LANGUAGE_STANDARD = gnu11;
				GCC_DYNAMIC_NO_PIC = NO;
				GCC_NO_COMMON_BLOCKS = YES;
				GCC_OPTIMIZATION_LEVEL = 0;
				GCC_PREPROCESSOR_DEFINITIONS = (
					"DEBUG=1",
					"$(inherited)",
				);
				GCC_WARN_64_TO_32_BIT_CONVERSION = YES;
				GCC_WARN_ABOUT_RETURN_TYPE = YES_ERROR;
				GCC_WARN_UNDECLARED_SELECTOR = YES;
				GCC_WARN_UNINITIALIZED_AUTOS = YES_AGGRESSIVE;
				GCC_WARN_UNUSED_FUNCTION = YES;
				GCC_WARN_UNUSED_VARIABLE = YES;
				IPHONEOS_DEPLOYMENT_TARGET = 15.5;
				MTL_ENABLE_DEBUG_INFO = INCLUDE_SOURCE;
				MTL_FAST_MATH = YES;
				ONLY_ACTIVE_ARCH = YES;
				SDKROOT = iphoneos;
				SWIFT_ACTIVE_COMPILATION_CONDITIONS = DEBUG;
				SWIFT_OPTIMIZATION_LEVEL = "-Onone";
			};
			name = Debug;
		};
		FDD55D28286ED5B100ECB1B5 /* Release */ = {
			isa = XCBuildConfiguration;
			buildSettings = {
				ALWAYS_SEARCH_USER_PATHS = NO;
				CLANG_ANALYZER_NONNULL = YES;
				CLANG_ANALYZER_NUMBER_OBJECT_CONVERSION = YES_AGGRESSIVE;
				CLANG_CXX_LANGUAGE_STANDARD = "gnu++17";
				CLANG_ENABLE_MODULES = YES;
				CLANG_ENABLE_OBJC_ARC = YES;
				CLANG_ENABLE_OBJC_WEAK = YES;
				CLANG_WARN_BLOCK_CAPTURE_AUTORELEASING = YES;
				CLANG_WARN_BOOL_CONVERSION = YES;
				CLANG_WARN_COMMA = YES;
				CLANG_WARN_CONSTANT_CONVERSION = YES;
				CLANG_WARN_DEPRECATED_OBJC_IMPLEMENTATIONS = YES;
				CLANG_WARN_DIRECT_OBJC_ISA_USAGE = YES_ERROR;
				CLANG_WARN_DOCUMENTATION_COMMENTS = YES;
				CLANG_WARN_EMPTY_BODY = YES;
				CLANG_WARN_ENUM_CONVERSION = YES;
				CLANG_WARN_INFINITE_RECURSION = YES;
				CLANG_WARN_INT_CONVERSION = YES;
				CLANG_WARN_NON_LITERAL_NULL_CONVERSION = YES;
				CLANG_WARN_OBJC_IMPLICIT_RETAIN_SELF = YES;
				CLANG_WARN_OBJC_LITERAL_CONVERSION = YES;
				CLANG_WARN_OBJC_ROOT_CLASS = YES_ERROR;
				CLANG_WARN_QUOTED_INCLUDE_IN_FRAMEWORK_HEADER = YES;
				CLANG_WARN_RANGE_LOOP_ANALYSIS = YES;
				CLANG_WARN_STRICT_PROTOTYPES = YES;
				CLANG_WARN_SUSPICIOUS_MOVE = YES;
				CLANG_WARN_UNGUARDED_AVAILABILITY = YES_AGGRESSIVE;
				CLANG_WARN_UNREACHABLE_CODE = YES;
				CLANG_WARN__DUPLICATE_METHOD_MATCH = YES;
				COPY_PHASE_STRIP = NO;
				DEBUG_INFORMATION_FORMAT = "dwarf-with-dsym";
				ENABLE_NS_ASSERTIONS = NO;
				ENABLE_STRICT_OBJC_MSGSEND = YES;
				GCC_C_LANGUAGE_STANDARD = gnu11;
				GCC_NO_COMMON_BLOCKS = YES;
				GCC_WARN_64_TO_32_BIT_CONVERSION = YES;
				GCC_WARN_ABOUT_RETURN_TYPE = YES_ERROR;
				GCC_WARN_UNDECLARED_SELECTOR = YES;
				GCC_WARN_UNINITIALIZED_AUTOS = YES_AGGRESSIVE;
				GCC_WARN_UNUSED_FUNCTION = YES;
				GCC_WARN_UNUSED_VARIABLE = YES;
				IPHONEOS_DEPLOYMENT_TARGET = 15.5;
				MTL_ENABLE_DEBUG_INFO = NO;
				MTL_FAST_MATH = YES;
				SDKROOT = iphoneos;
				SWIFT_COMPILATION_MODE = wholemodule;
				SWIFT_OPTIMIZATION_LEVEL = "-O";
				VALIDATE_PRODUCT = YES;
			};
			name = Release;
		};
		FDD55D2A286ED5B100ECB1B5 /* Debug */ = {
			isa = XCBuildConfiguration;
			buildSettings = {
				ASSETCATALOG_COMPILER_APPICON_NAME = AppIcon;
				ASSETCATALOG_COMPILER_GLOBAL_ACCENT_COLOR_NAME = AccentColor;
				CODE_SIGN_STYLE = Automatic;
				CURRENT_PROJECT_VERSION = 1;
				DEVELOPMENT_TEAM = 58YTVL7DR5;
				GENERATE_INFOPLIST_FILE = YES;
				INFOPLIST_FILE = Adv/Info.plist;
				INFOPLIST_KEY_UIApplicationSupportsIndirectInputEvents = YES;
				INFOPLIST_KEY_UILaunchStoryboardName = LaunchScreen;
				INFOPLIST_KEY_UIMainStoryboardFile = Main;
				INFOPLIST_KEY_UISupportedInterfaceOrientations = "UIInterfaceOrientationLandscapeLeft UIInterfaceOrientationLandscapeRight";
				INFOPLIST_KEY_UISupportedInterfaceOrientations_iPad = "UIInterfaceOrientationPortrait UIInterfaceOrientationPortraitUpsideDown UIInterfaceOrientationLandscapeLeft UIInterfaceOrientationLandscapeRight";
				INFOPLIST_KEY_UISupportedInterfaceOrientations_iPhone = "UIInterfaceOrientationPortrait UIInterfaceOrientationLandscapeLeft UIInterfaceOrientationLandscapeRight";
				IPHONEOS_DEPLOYMENT_TARGET = 13.0;
				LD_RUNPATH_SEARCH_PATHS = (
					"$(inherited)",
					"@executable_path/Frameworks",
				);
				MARKETING_VERSION = 1.0;
				PRODUCT_BUNDLE_IDENTIFIER = com.testsite.private.Adv;
				PRODUCT_NAME = "$(TARGET_NAME)";
				SWIFT_EMIT_LOC_STRINGS = YES;
				SWIFT_VERSION = 5.0;
				TARGETED_DEVICE_FAMILY = "1,2";
			};
			name = Debug;
		};
		FDD55D2B286ED5B100ECB1B5 /* Release */ = {
			isa = XCBuildConfiguration;
			buildSettings = {
				ASSETCATALOG_COMPILER_APPICON_NAME = AppIcon;
				ASSETCATALOG_COMPILER_GLOBAL_ACCENT_COLOR_NAME = AccentColor;
				CODE_SIGN_STYLE = Automatic;
				CURRENT_PROJECT_VERSION = 1;
				DEVELOPMENT_TEAM = 58YTVL7DR5;
				GENERATE_INFOPLIST_FILE = YES;
				INFOPLIST_FILE = Adv/Info.plist;
				INFOPLIST_KEY_UIApplicationSupportsIndirectInputEvents = YES;
				INFOPLIST_KEY_UILaunchStoryboardName = LaunchScreen;
				INFOPLIST_KEY_UIMainStoryboardFile = Main;
				INFOPLIST_KEY_UISupportedInterfaceOrientations = "UIInterfaceOrientationLandscapeLeft UIInterfaceOrientationLandscapeRight";
				INFOPLIST_KEY_UISupportedInterfaceOrientations_iPad = "UIInterfaceOrientationPortrait UIInterfaceOrientationPortraitUpsideDown UIInterfaceOrientationLandscapeLeft UIInterfaceOrientationLandscapeRight";
				INFOPLIST_KEY_UISupportedInterfaceOrientations_iPhone = "UIInterfaceOrientationPortrait UIInterfaceOrientationLandscapeLeft UIInterfaceOrientationLandscapeRight";
				IPHONEOS_DEPLOYMENT_TARGET = 13.0;
				LD_RUNPATH_SEARCH_PATHS = (
					"$(inherited)",
					"@executable_path/Frameworks",
				);
				MARKETING_VERSION = 1.0;
				PRODUCT_BUNDLE_IDENTIFIER = com.testsite.private.Adv;
				PRODUCT_NAME = "$(TARGET_NAME)";
				SWIFT_EMIT_LOC_STRINGS = YES;
				SWIFT_VERSION = 5.0;
				TARGETED_DEVICE_FAMILY = "1,2";
			};
			name = Release;
		};
/* End XCBuildConfiguration section */

/* Begin XCConfigurationList section */
		FDD55D10286ED5AF00ECB1B5 /* Build configuration list for PBXProject "Adv" */ = {
			isa = XCConfigurationList;
			buildConfigurations = (
				FDD55D27286ED5B100ECB1B5 /* Debug */,
				FDD55D28286ED5B100ECB1B5 /* Release */,
			);
			defaultConfigurationIsVisible = 0;
			defaultConfigurationName = Release;
		};
		FDD55D29286ED5B100ECB1B5 /* Build configuration list for PBXNativeTarget "Adv" */ = {
			isa = XCConfigurationList;
			buildConfigurations = (
				FDD55D2A286ED5B100ECB1B5 /* Debug */,
				FDD55D2B286ED5B100ECB1B5 /* Release */,
			);
			defaultConfigurationIsVisible = 0;
			defaultConfigurationName = Release;
		};
/* End XCConfigurationList section */
	};
	rootObject = FDD55D0D286ED5AF00ECB1B5 /* Project object */;
}
